{
  "name": "mimas",
  "version": "0.1.0",
  "lockfileVersion": 2,
  "requires": true,
  "packages": {
    "": {
      "name": "mimas",
      "version": "0.1.0",
      "license": "MIT",
      "dependencies": {
        "@jasonsbarr/functional-core": "^0.3.0",
        "@jasonsbarr/types": "^0.3.0",
        "moo": "^0.5.1",
        "object-hash": "^2.2.0"
      },
      "devDependencies": {
        "prettier": "^2.4.1"
      }
    },
    "node_modules/@jasonsbarr/functional-core": {
      "version": "0.3.3",
      "resolved": "https://registry.npmjs.org/@jasonsbarr/functional-core/-/functional-core-0.3.3.tgz",
      "integrity": "sha512-g+hahjDo/KqaVl1MvwoOf0vHVs+a7hjHH6VnAknNLULX+iTe2cYXkM6RRDONccKxHJv5HAkcNLEPV8lZMQsiZQ==",
      "dependencies": {
        "object-hash": "^2.2.0"
      }
    },
    "node_modules/@jasonsbarr/iterable": {
      "version": "0.3.3",
      "resolved": "https://registry.npmjs.org/@jasonsbarr/iterable/-/iterable-0.3.3.tgz",
      "integrity": "sha512-5l3z4p9Wq1Q+jxy06WSEoF3MaDC+5TNIL0s4q7jXZ0ZKE7r5CBCcXSyeFMJj+ULqqUuMIoHopJyEhCNHyMRIsA==",
      "dependencies": {
        "@jasonsbarr/functional-core": "^0.3.3"
      }
    },
    "node_modules/@jasonsbarr/types": {
      "version": "0.3.3",
      "resolved": "https://registry.npmjs.org/@jasonsbarr/types/-/types-0.3.3.tgz",
      "integrity": "sha512-NfTwua0535+Y051BqjNLEy5FFvjYpT9uUab7tASSSoajs/HJIXiocvQW5U3QjgRms0aQH3ouLEPoAXPhHldIuQ==",
      "dependencies": {
        "@jasonsbarr/functional-core": "^0.3.3",
        "@jasonsbarr/iterable": "^0.3.3"
      }
    },
    "node_modules/moo": {
      "version": "0.5.1",
      "resolved": "https://registry.npmjs.org/moo/-/moo-0.5.1.tgz",
      "integrity": "sha512-I1mnb5xn4fO80BH9BLcF0yLypy2UKl+Cb01Fu0hJRkJjlCRtxZMWkTdAtDd5ZqCOxtCkhmRwyI57vWT+1iZ67w=="
    },
    "node_modules/object-hash": {
      "version": "2.2.0",
      "resolved": "https://registry.npmjs.org/object-hash/-/object-hash-2.2.0.tgz",
      "integrity": "sha512-gScRMn0bS5fH+IuwyIFgnh9zBdo4DV+6GhygmWM9HyNJSgS0hScp1f5vjtm7oIIOiT9trXrShAkLFSc2IqKNgw==",
      "engines": {
        "node": ">= 6"
      }
    },
    "node_modules/prettier": {
      "version": "2.4.1",
      "resolved": "https://registry.npmjs.org/prettier/-/prettier-2.4.1.tgz",
      "integrity": "sha512-9fbDAXSBcc6Bs1mZrDYb3XKzDLm4EXXL9sC1LqKP5rZkT6KRr/rf9amVUcODVXgguK/isJz0d0hP72WeaKWsvA==",
      "dev": true,
      "bin": {
        "prettier": "bin-prettier.js"
      },
      "engines": {
        "node": ">=10.13.0"
      }
    }
  },
  "dependencies": {
    "@jasonsbarr/functional-core": {
      "version": "0.3.3",
      "resolved": "https://registry.npmjs.org/@jasonsbarr/functional-core/-/functional-core-0.3.3.tgz",
      "integrity": "sha512-g+hahjDo/KqaVl1MvwoOf0vHVs+a7hjHH6VnAknNLULX+iTe2cYXkM6RRDONccKxHJv5HAkcNLEPV8lZMQsiZQ==",
      "requires": {
        "object-hash": "^2.2.0"
      }
    },
    "@jasonsbarr/iterable": {
      "version": "0.3.3",
      "resolved": "https://registry.npmjs.org/@jasonsbarr/iterable/-/iterable-0.3.3.tgz",
      "integrity": "sha512-5l3z4p9Wq1Q+jxy06WSEoF3MaDC+5TNIL0s4q7jXZ0ZKE7r5CBCcXSyeFMJj+ULqqUuMIoHopJyEhCNHyMRIsA==",
      "requires": {
        "@jasonsbarr/functional-core": "^0.3.3"
      }
    },
    "@jasonsbarr/types": {
      "version": "0.3.3",
      "resolved": "https://registry.npmjs.org/@jasonsbarr/types/-/types-0.3.3.tgz",
      "integrity": "sha512-NfTwua0535+Y051BqjNLEy5FFvjYpT9uUab7tASSSoajs/HJIXiocvQW5U3QjgRms0aQH3ouLEPoAXPhHldIuQ==",
      "requires": {
        "@jasonsbarr/functional-core": "^0.3.3",
        "@jasonsbarr/iterable": "^0.3.3"
      }
    },
    "moo": {
      "version": "0.5.1",
      "resolved": "https://registry.npmjs.org/moo/-/moo-0.5.1.tgz",
      "integrity": "sha512-I1mnb5xn4fO80BH9BLcF0yLypy2UKl+Cb01Fu0hJRkJjlCRtxZMWkTdAtDd5ZqCOxtCkhmRwyI57vWT+1iZ67w=="
    },
    "object-hash": {
      "version": "2.2.0",
      "resolved": "https://registry.npmjs.org/object-hash/-/object-hash-2.2.0.tgz",
      "integrity": "sha512-gScRMn0bS5fH+IuwyIFgnh9zBdo4DV+6GhygmWM9HyNJSgS0hScp1f5vjtm7oIIOiT9trXrShAkLFSc2IqKNgw=="
    },
    "prettier": {
      "version": "2.4.1",
      "resolved": "https://registry.npmjs.org/prettier/-/prettier-2.4.1.tgz",
      "integrity": "sha512-9fbDAXSBcc6Bs1mZrDYb3XKzDLm4EXXL9sC1LqKP5rZkT6KRr/rf9amVUcODVXgguK/isJz0d0hP72WeaKWsvA==",
      "dev": true
    }
  }
}
