{
  "name": "mimas",
  "version": "0.1.0",
  "lockfileVersion": 2,
  "requires": true,
  "packages": {
    "": {
      "name": "mimas",
      "version": "0.1.0",
      "license": "MIT",
      "dependencies": {
        "@jasonsbarr/collections": "^0.4.0",
        "@jasonsbarr/functional-core": "^0.4.0",
        "@jasonsbarr/iterable": "^0.4.0",
        "@jasonsbarr/types": "^0.4.0",
        "moo": "^0.5.1",
        "object-hash": "^2.2.0"
      },
      "devDependencies": {
        "prettier": "^2.4.1"
      }
    },
    "node_modules/@jasonsbarr/collections": {
      "version": "0.4.1",
      "resolved": "https://registry.npmjs.org/@jasonsbarr/collections/-/collections-0.4.1.tgz",
      "integrity": "sha512-vbGd3qqz0T+qOuhR1bypALnBGFETxC9i/y5212XSNmekBsVN8bItiOQ/bJEO6XUgDSLPZahzs2Ki6iGBSFsGaw==",
      "dependencies": {
        "@jasonsbarr/dict": "^0.4.1",
        "@jasonsbarr/functional-core": "^0.4.1",
        "@jasonsbarr/iterable": "^0.4.1"
      }
    },
    "node_modules/@jasonsbarr/dict": {
      "version": "0.4.1",
      "resolved": "https://registry.npmjs.org/@jasonsbarr/dict/-/dict-0.4.1.tgz",
      "integrity": "sha512-R+T13OO8Vq7bETaTaZ6qP98fVCQkA9EUVWOQq6lWsYmOqrbIOnEBEnnACEwg6Z2FWBMBMp9aICi9cLkWNBERRA==",
      "dependencies": {
        "@jasonsbarr/functional-core": "^0.4.1",
        "@jasonsbarr/iterable": "^0.4.1"
      }
    },
    "node_modules/@jasonsbarr/functional-core": {
      "version": "0.4.1",
      "resolved": "https://registry.npmjs.org/@jasonsbarr/functional-core/-/functional-core-0.4.1.tgz",
      "integrity": "sha512-jbObmxRyv6O+s5P9s0W2W5KQayOaLjqkIVccA4NLGRAZztun3ovePbm7QSixZN9jWoO/qaNpPDFKH8+cf4XSLA==",
      "dependencies": {
        "object-hash": "^2.2.0"
      }
    },
    "node_modules/@jasonsbarr/iterable": {
      "version": "0.4.1",
      "resolved": "https://registry.npmjs.org/@jasonsbarr/iterable/-/iterable-0.4.1.tgz",
      "integrity": "sha512-Nse0PFMNjHqTmVSE4Pht4oGaZn8gwzU+PBs4zLCUCGyWNi1OnAzTfvrw/7ahiqTXLCU+H7IFlW2Xb+Ll1IutWA==",
      "dependencies": {
        "@jasonsbarr/functional-core": "^0.4.1"
      }
    },
    "node_modules/@jasonsbarr/types": {
      "version": "0.4.1",
      "resolved": "https://registry.npmjs.org/@jasonsbarr/types/-/types-0.4.1.tgz",
      "integrity": "sha512-NfbrV4/x0uNDT5URkaxPQaey6YHttOXNcoOGnO3xhdy1Cnf04WXIwWpnYJ6r4SwjRo0Hf+6jKnrNWMXWrbe/qQ==",
      "dependencies": {
        "@jasonsbarr/functional-core": "^0.4.1",
        "@jasonsbarr/iterable": "^0.4.1"
      }
    },
    "node_modules/moo": {
      "version": "0.5.1",
      "resolved": "https://registry.npmjs.org/moo/-/moo-0.5.1.tgz",
      "integrity": "sha512-I1mnb5xn4fO80BH9BLcF0yLypy2UKl+Cb01Fu0hJRkJjlCRtxZMWkTdAtDd5ZqCOxtCkhmRwyI57vWT+1iZ67w=="
    },
    "node_modules/object-hash": {
      "version": "2.2.0",
      "resolved": "https://registry.npmjs.org/object-hash/-/object-hash-2.2.0.tgz",
      "integrity": "sha512-gScRMn0bS5fH+IuwyIFgnh9zBdo4DV+6GhygmWM9HyNJSgS0hScp1f5vjtm7oIIOiT9trXrShAkLFSc2IqKNgw==",
      "engines": {
        "node": ">= 6"
      }
    },
    "node_modules/prettier": {
      "version": "2.4.1",
      "resolved": "https://registry.npmjs.org/prettier/-/prettier-2.4.1.tgz",
      "integrity": "sha512-9fbDAXSBcc6Bs1mZrDYb3XKzDLm4EXXL9sC1LqKP5rZkT6KRr/rf9amVUcODVXgguK/isJz0d0hP72WeaKWsvA==",
      "dev": true,
      "bin": {
        "prettier": "bin-prettier.js"
      },
      "engines": {
        "node": ">=10.13.0"
      }
    }
  },
  "dependencies": {
    "@jasonsbarr/collections": {
      "version": "0.4.1",
      "resolved": "https://registry.npmjs.org/@jasonsbarr/collections/-/collections-0.4.1.tgz",
      "integrity": "sha512-vbGd3qqz0T+qOuhR1bypALnBGFETxC9i/y5212XSNmekBsVN8bItiOQ/bJEO6XUgDSLPZahzs2Ki6iGBSFsGaw==",
      "requires": {
        "@jasonsbarr/dict": "^0.4.1",
        "@jasonsbarr/functional-core": "^0.4.1",
        "@jasonsbarr/iterable": "^0.4.1"
      }
    },
    "@jasonsbarr/dict": {
      "version": "0.4.1",
      "resolved": "https://registry.npmjs.org/@jasonsbarr/dict/-/dict-0.4.1.tgz",
      "integrity": "sha512-R+T13OO8Vq7bETaTaZ6qP98fVCQkA9EUVWOQq6lWsYmOqrbIOnEBEnnACEwg6Z2FWBMBMp9aICi9cLkWNBERRA==",
      "requires": {
        "@jasonsbarr/functional-core": "^0.4.1",
        "@jasonsbarr/iterable": "^0.4.1"
      }
    },
    "@jasonsbarr/functional-core": {
      "version": "0.4.1",
      "resolved": "https://registry.npmjs.org/@jasonsbarr/functional-core/-/functional-core-0.4.1.tgz",
      "integrity": "sha512-jbObmxRyv6O+s5P9s0W2W5KQayOaLjqkIVccA4NLGRAZztun3ovePbm7QSixZN9jWoO/qaNpPDFKH8+cf4XSLA==",
      "requires": {
        "object-hash": "^2.2.0"
      }
    },
    "@jasonsbarr/iterable": {
      "version": "0.4.1",
      "resolved": "https://registry.npmjs.org/@jasonsbarr/iterable/-/iterable-0.4.1.tgz",
      "integrity": "sha512-Nse0PFMNjHqTmVSE4Pht4oGaZn8gwzU+PBs4zLCUCGyWNi1OnAzTfvrw/7ahiqTXLCU+H7IFlW2Xb+Ll1IutWA==",
      "requires": {
        "@jasonsbarr/functional-core": "^0.4.1"
      }
    },
    "@jasonsbarr/types": {
      "version": "0.4.1",
      "resolved": "https://registry.npmjs.org/@jasonsbarr/types/-/types-0.4.1.tgz",
      "integrity": "sha512-NfbrV4/x0uNDT5URkaxPQaey6YHttOXNcoOGnO3xhdy1Cnf04WXIwWpnYJ6r4SwjRo0Hf+6jKnrNWMXWrbe/qQ==",
      "requires": {
        "@jasonsbarr/functional-core": "^0.4.1",
        "@jasonsbarr/iterable": "^0.4.1"
      }
    },
    "moo": {
      "version": "0.5.1",
      "resolved": "https://registry.npmjs.org/moo/-/moo-0.5.1.tgz",
      "integrity": "sha512-I1mnb5xn4fO80BH9BLcF0yLypy2UKl+Cb01Fu0hJRkJjlCRtxZMWkTdAtDd5ZqCOxtCkhmRwyI57vWT+1iZ67w=="
    },
    "object-hash": {
      "version": "2.2.0",
      "resolved": "https://registry.npmjs.org/object-hash/-/object-hash-2.2.0.tgz",
      "integrity": "sha512-gScRMn0bS5fH+IuwyIFgnh9zBdo4DV+6GhygmWM9HyNJSgS0hScp1f5vjtm7oIIOiT9trXrShAkLFSc2IqKNgw=="
    },
    "prettier": {
      "version": "2.4.1",
      "resolved": "https://registry.npmjs.org/prettier/-/prettier-2.4.1.tgz",
      "integrity": "sha512-9fbDAXSBcc6Bs1mZrDYb3XKzDLm4EXXL9sC1LqKP5rZkT6KRr/rf9amVUcODVXgguK/isJz0d0hP72WeaKWsvA==",
      "dev": true
    }
  }
}
